{
  "name": "vanilla",
  "version": "1.0.0",
  "lockfileVersion": 3,
  "requires": true,
  "packages": {
    "": {
      "name": "vanilla",
      "version": "1.0.0",
      "license": "ISC",
      "dependencies": {
        "sortfy.js": "^0.0.1"
      }
    },
    "node_modules/sortfy.js": {
      "version": "0.0.1",
      "resolved": "https://registry.npmjs.org/sortfy.js/-/sortfy.js-0.0.1.tgz",
      "integrity": "sha512-NNIrMnm+V1XxvbVetCbWTfHPHDyP7osu5oDd7R6ruhnbq5T7MdWba7KPO04Oz7yMRpQ0aZ4Gk8pyp3+vmK6xiQ==",
      "license": "MIT"
    }
  }
}
